
Microsoft Visual Studio Solution File, Format Version 12.00
# Visual Studio Version 17
VisualStudioVersion = 17.3.32901.215
MinimumVisualStudioVersion = 10.0.40219.1
Project("{FAE04EC0-301F-11D3-BF4B-00C04F79EFBC}") = "lab3_07_04", "lab3_07_04\lab3_07_04.csproj", "{A021FE43-BF4A-47CA-A2DE-B23BA4EA4873}"
EndProject
Global
	GlobalSection(SolutionConfigurationPlatforms) = preSolution
		Debug|Any CPU = Debug|Any CPU
		Release|Any CPU = Release|Any CPU
	EndGlobalSection
	GlobalSection(ProjectConfigurationPlatforms) = postSolution
		{A021FE43-BF4A-47CA-A2DE-B23BA4EA4873}.Debug|Any CPU.ActiveCfg = Debug|Any CPU
		{A021FE43-BF4A-47CA-A2DE-B23BA4EA4873}.Debug|Any CPU.Build.0 = Debug|Any CPU
		{A021FE43-BF4A-47CA-A2DE-B23BA4EA4873}.Release|Any CPU.ActiveCfg = Release|Any CPU
		{A021FE43-BF4A-47CA-A2DE-B23BA4EA4873}.Release|Any CPU.Build.0 = Release|Any CPU
	EndGlobalSection
	GlobalSection(SolutionProperties) = preSolution
		HideSolutionNode = FALSE
	EndGlobalSection
	GlobalSection(ExtensibilityGlobals) = postSolution
		SolutionGuid = {FFCAF17B-31C8-486F-A1D4-558FC77C22CE}
	EndGlobalSection
EndGlobal
